{
  "name": "@jom/base-json-web-token-example",
  "version": "1.0.0",
  "lockfileVersion": 3,
  "requires": true,
  "packages": {
    "": {
      "name": "@jom/base-json-web-token-example",
      "version": "1.0.0",
      "license": "ISC",
      "bin": {
        "base-json-web-token-example": "index.js"
      }
    }
  }
}
